Microsoft Visual Studio Solution File, Format Version 12.00
# Visual Studio Version 17
VisualStudioVersion = 17.14.36429.23
MinimumVisualStudioVersion = 10.0.40219.1
Project("{FAE04EC0-301F-11D3-BF4B-00C04F79EFBC}") = "Tyuiu.KuzakinSI.Sprint5.Task5.V29", "Tyuiu.KuzakinSI.Sprint5.Task5.V29\Tyuiu.KuzakinSI.Sprint5.Task5.V29.csproj", "{2744ECF1-186E-4D15-BE98-FD23B0E514F5}"
EndProject
Project("{FAE04EC0-301F-11D3-BF4B-00C04F79EFBC}") = "Tyuiu.KuzakinSI.Sprint5.Task5.V29.Lib", "Tyuiu.KuzakinSI.Sprint5.Task5.V29.Lib\Tyuiu.KuzakinSI.Sprint5.Task5.V29.Lib.csproj", "{6C9E1993-1FFC-4E4C-932A-F7A7BAB3329F}"
EndProject
Project("{FAE04EC0-301F-11D3-BF4B-00C04F79EFBC}") = "Tyuiu.KuzakinSI.Sprint5.Task5.V29.Test", "Tyuiu.KuzakinSI.Sprint5.Task5.V29.Test\Tyuiu.KuzakinSI.Sprint5.Task5.V29.Test.csproj", "{BDD26B6C-ED38-443A-AADB-CC6E35435313}"
EndProject
Project("{2150E333-8FDC-42A3-9474-1A3956D46DE8}") = "Task5", "Task5", "{A3A52D8F-836B-43CD-8F1D-651989DD84F6}"
EndProject
Global
	GlobalSection(SolutionConfigurationPlatforms) = preSolution
		Debug|Any CPU = Debug|Any CPU
		Release|Any CPU = Release|Any CPU
	EndGlobalSection
	GlobalSection(ProjectConfigurationPlatforms) = postSolution
		{2744ECF1-186E-4D15-BE98-FD23B0E514F5}.Debug|Any CPU.ActiveCfg = Debug|Any CPU
		{2744ECF1-186E-4D15-BE98-FD23B0E514F5}.Debug|Any CPU.Build.0 = Debug|Any CPU
		{2744ECF1-186E-4D15-BE98-FD23B0E514F5}.Release|Any CPU.ActiveCfg = Release|Any CPU
		{2744ECF1-186E-4D15-BE98-FD23B0E514F5}.Release|Any CPU.Build.0 = Release|Any CPU
		{6C9E1993-1FFC-4E4C-932A-F7A7BAB3329F}.Debug|Any CPU.ActiveCfg = Debug|Any CPU
		{6C9E1993-1FFC-4E4C-932A-F7A7BAB3329F}.Debug|Any CPU.Build.0 = Debug|Any CPU
		{6C9E1993-1FFC-4E4C-932A-F7A7BAB3329F}.Release|Any CPU.ActiveCfg = Release|Any CPU
		{6C9E1993-1FFC-4E4C-932A-F7A7BAB3329F}.Release|Any CPU.Build.0 = Release|Any CPU
		{BDD26B6C-ED38-443A-AADB-CC6E35435313}.Debug|Any CPU.ActiveCfg = Debug|Any CPU
		{BDD26B6C-ED38-443A-AADB-CC6E35435313}.Debug|Any CPU.Build.0 = Debug|Any CPU
		{BDD26B6C-ED38-443A-AADB-CC6E35435313}.Release|Any CPU.ActiveCfg = Release|Any CPU
		{BDD26B6C-ED38-443A-AADB-CC6E35435313}.Release|Any CPU.Build.0 = Release|Any CPU
	EndGlobalSection
	GlobalSection(SolutionProperties) = preSolution
		HideSolutionNode = FALSE
	EndGlobalSection
	GlobalSection(NestedProjects) = preSolution
		{2744ECF1-186E-4D15-BE98-FD23B0E514F5} = {A3A52D8F-836B-43CD-8F1D-651989DD84F6}
		{6C9E1993-1FFC-4E4C-932A-F7A7BAB3329F} = {A3A52D8F-836B-43CD-8F1D-651989DD84F6}
		{BDD26B6C-ED38-443A-AADB-CC6E35435313} = {A3A52D8F-836B-43CD-8F1D-651989DD84F6}
	EndGlobalSection
	GlobalSection(ExtensibilityGlobals) = postSolution
		SolutionGuid = {1A6BC015-739B-4840-9432-7DD549F628FF}
	EndGlobalSection
EndGlobal