Microsoft Visual Studio Solution File, Format Version 12.00
# Visual Studio Version 17
VisualStudioVersion = 17.14.36429.23
MinimumVisualStudioVersion = 10.0.40219.1
Project("{FAE04EC0-301F-11D3-BF4B-00C04F79EFBC}") = "Tyuiu.KuzakinSI.Sprint5.Task7.V24", "Tyuiu.KuzakinSI.Sprint5.Task7.V24\Tyuiu.KuzakinSI.Sprint5.Task7.V24.csproj", "{1104B35E-21D9-4AF1-A210-7E7BB7AE3011}"
EndProject
Project("{FAE04EC0-301F-11D3-BF4B-00C04F79EFBC}") = "Tyuiu.KuzakinSI.Sprint5.Task7.V24.Lib", "Tyuiu.KuzakinSI.Sprint5.Task7.V24.Lib\Tyuiu.KuzakinSI.Sprint5.Task7.V24.Lib.csproj", "{85C63102-47FF-4C3B-8C59-E3F8D6ACB85E}"
EndProject
Project("{FAE04EC0-301F-11D3-BF4B-00C04F79EFBC}") = "Tyuiu.KuzakinSI.Sprint5.Task7.V24.Test", "Tyuiu.KuzakinSI.Sprint5.Task7.V24.Test\Tyuiu.KuzakinSI.Sprint5.Task7.V24.Test.csproj", "{70A61DA7-FD62-4187-8686-DA012F19372C}"
EndProject
Project("{2150E333-8FDC-42A3-9474-1A3956D46DE8}") = "Task7", "Task7", "{BECBD732-9566-42CE-A204-BE5D44E26CFA}"
EndProject
Global
	GlobalSection(SolutionConfigurationPlatforms) = preSolution
		Debug|Any CPU = Debug|Any CPU
		Release|Any CPU = Release|Any CPU
	EndGlobalSection
	GlobalSection(ProjectConfigurationPlatforms) = postSolution
		{1104B35E-21D9-4AF1-A210-7E7BB7AE3011}.Debug|Any CPU.ActiveCfg = Debug|Any CPU
		{1104B35E-21D9-4AF1-A210-7E7BB7AE3011}.Debug|Any CPU.Build.0 = Debug|Any CPU
		{1104B35E-21D9-4AF1-A210-7E7BB7AE3011}.Release|Any CPU.ActiveCfg = Release|Any CPU
		{1104B35E-21D9-4AF1-A210-7E7BB7AE3011}.Release|Any CPU.Build.0 = Release|Any CPU
		{85C63102-47FF-4C3B-8C59-E3F8D6ACB85E}.Debug|Any CPU.ActiveCfg = Debug|Any CPU
		{85C63102-47FF-4C3B-8C59-E3F8D6ACB85E}.Debug|Any CPU.Build.0 = Debug|Any CPU
		{85C63102-47FF-4C3B-8C59-E3F8D6ACB85E}.Release|Any CPU.ActiveCfg = Release|Any CPU
		{85C63102-47FF-4C3B-8C59-E3F8D6ACB85E}.Release|Any CPU.Build.0 = Release|Any CPU
		{70A61DA7-FD62-4187-8686-DA012F19372C}.Debug|Any CPU.ActiveCfg = Debug|Any CPU
		{70A61DA7-FD62-4187-8686-DA012F19372C}.Debug|Any CPU.Build.0 = Debug|Any CPU
		{70A61DA7-FD62-4187-8686-DA012F19372C}.Release|Any CPU.ActiveCfg = Release|Any CPU
		{70A61DA7-FD62-4187-8686-DA012F19372C}.Release|Any CPU.Build.0 = Release|Any CPU
	EndGlobalSection
	GlobalSection(SolutionProperties) = preSolution
		HideSolutionNode = FALSE
	EndGlobalSection
	GlobalSection(NestedProjects) = preSolution
		{1104B35E-21D9-4AF1-A210-7E7BB7AE3011} = {BECBD732-9566-42CE-A204-BE5D44E26CFA}
		{85C63102-47FF-4C3B-8C59-E3F8D6ACB85E} = {BECBD732-9566-42CE-A204-BE5D44E26CFA}
		{70A61DA7-FD62-4187-8686-DA012F19372C} = {BECBD732-9566-42CE-A204-BE5D44E26CFA}
	EndGlobalSection
	GlobalSection(ExtensibilityGlobals) = postSolution
		SolutionGuid = {EF7D994E-9C1E-4FB3-93AA-E3FA52C26D9C}
	EndGlobalSection
EndGlobal